
Microsoft Visual Studio Solution File, Format Version 12.00
# Visual Studio Version 16
VisualStudioVersion = 16.0.30503.244
MinimumVisualStudioVersion = 10.0.40219.1
Project("{FAE04EC0-301F-11D3-BF4B-00C04F79EFBC}") = "IKAMR_Asta_import", "src\Asta_import\IKAMR_Asta_import.csproj", "{E4A46BA6-1BB8-47B7-B799-098F6F15A3C0}"
EndProject
Global
	GlobalSection(SolutionConfigurationPlatforms) = preSolution
		Debug|Any CPU = Debug|Any CPU
		Release|Any CPU = Release|Any CPU
	EndGlobalSection
	GlobalSection(ProjectConfigurationPlatforms) = postSolution
		{E4A46BA6-1BB8-47B7-B799-098F6F15A3C0}.Debug|Any CPU.ActiveCfg = Debug|Any CPU
		{E4A46BA6-1BB8-47B7-B799-098F6F15A3C0}.Debug|Any CPU.Build.0 = Debug|Any CPU
		{E4A46BA6-1BB8-47B7-B799-098F6F15A3C0}.Release|Any CPU.ActiveCfg = Release|Any CPU
		{E4A46BA6-1BB8-47B7-B799-098F6F15A3C0}.Release|Any CPU.Build.0 = Release|Any CPU
	EndGlobalSection
	GlobalSection(SolutionProperties) = preSolution
		HideSolutionNode = FALSE
	EndGlobalSection
	GlobalSection(ExtensibilityGlobals) = postSolution
		SolutionGuid = {312EEBD3-9D90-4803-B4C3-180983EAEBFA}
	EndGlobalSection
EndGlobal
